
Microsoft Visual Studio Solution File, Format Version 12.00
# Visual Studio Version 17
VisualStudioVersion = 17.8.34322.80
MinimumVisualStudioVersion = 10.0.40219.1
Project("{FAE04EC0-301F-11D3-BF4B-00C04F79EFBC}") = "Metod-Uppgift-6.8", "Metod-Uppgift-6.8\Metod-Uppgift-6.8.csproj", "{2E50344B-1DF6-4FDB-9269-2FBC1F4695BE}"
EndProject
Global
	GlobalSection(SolutionConfigurationPlatforms) = preSolution
		Debug|Any CPU = Debug|Any CPU
		Release|Any CPU = Release|Any CPU
	EndGlobalSection
	GlobalSection(ProjectConfigurationPlatforms) = postSolution
		{2E50344B-1DF6-4FDB-9269-2FBC1F4695BE}.Debug|Any CPU.ActiveCfg = Debug|Any CPU
		{2E50344B-1DF6-4FDB-9269-2FBC1F4695BE}.Debug|Any CPU.Build.0 = Debug|Any CPU
		{2E50344B-1DF6-4FDB-9269-2FBC1F4695BE}.Release|Any CPU.ActiveCfg = Release|Any CPU
		{2E50344B-1DF6-4FDB-9269-2FBC1F4695BE}.Release|Any CPU.Build.0 = Release|Any CPU
	EndGlobalSection
	GlobalSection(SolutionProperties) = preSolution
		HideSolutionNode = FALSE
	EndGlobalSection
	GlobalSection(ExtensibilityGlobals) = postSolution
		SolutionGuid = {41877E55-A779-48D7-A885-ED499E1DD499}
	EndGlobalSection
EndGlobal
